
Microsoft Visual Studio Solution File, Format Version 12.00
# Visual Studio Version 16
VisualStudioVersion = 16.0.29509.3
MinimumVisualStudioVersion = 10.0.40219.1
Project("{F184B08F-C81C-45F6-A57F-5ABD9991F28F}") = "ToralCGV", "Calcu\ToralCGV.vbproj", "{CF62E837-1026-4F4A-92D8-A39B73D0D414}"
EndProject
Global
	GlobalSection(SolutionConfigurationPlatforms) = preSolution
		Debug|Any CPU = Debug|Any CPU
		Release|Any CPU = Release|Any CPU
	EndGlobalSection
	GlobalSection(ProjectConfigurationPlatforms) = postSolution
		{CF62E837-1026-4F4A-92D8-A39B73D0D414}.Debug|Any CPU.ActiveCfg = Debug|Any CPU
		{CF62E837-1026-4F4A-92D8-A39B73D0D414}.Debug|Any CPU.Build.0 = Debug|Any CPU
		{CF62E837-1026-4F4A-92D8-A39B73D0D414}.Release|Any CPU.ActiveCfg = Release|Any CPU
		{CF62E837-1026-4F4A-92D8-A39B73D0D414}.Release|Any CPU.Build.0 = Release|Any CPU
	EndGlobalSection
	GlobalSection(SolutionProperties) = preSolution
		HideSolutionNode = FALSE
	EndGlobalSection
	GlobalSection(ExtensibilityGlobals) = postSolution
		SolutionGuid = {AEA71842-05A8-4748-A0BE-C0D66C02982D}
	EndGlobalSection
EndGlobal
